
Microsoft Visual Studio Solution File, Format Version 12.00
# Visual Studio 14
VisualStudioVersion = 14.0.25420.1
MinimumVisualStudioVersion = 10.0.40219.1
Project("{FAE04EC0-301F-11D3-BF4B-00C04F79EFBC}") = "Test_Saber_Interactive", "Test_Saber Interactive\Test_Saber_Interactive.csproj", "{15349DC8-BDD6-4F82-926F-7F0432C735F6}"
EndProject
Project("{FAE04EC0-301F-11D3-BF4B-00C04F79EFBC}") = "Tests", "Tests\Tests.csproj", "{1C4F74F0-1E6F-439E-B522-9F13A246358E}"
EndProject
Global
	GlobalSection(SolutionConfigurationPlatforms) = preSolution
		Debug|Any CPU = Debug|Any CPU
		Release|Any CPU = Release|Any CPU
	EndGlobalSection
	GlobalSection(ProjectConfigurationPlatforms) = postSolution
		{15349DC8-BDD6-4F82-926F-7F0432C735F6}.Debug|Any CPU.ActiveCfg = Debug|Any CPU
		{15349DC8-BDD6-4F82-926F-7F0432C735F6}.Debug|Any CPU.Build.0 = Debug|Any CPU
		{15349DC8-BDD6-4F82-926F-7F0432C735F6}.Release|Any CPU.ActiveCfg = Release|Any CPU
		{15349DC8-BDD6-4F82-926F-7F0432C735F6}.Release|Any CPU.Build.0 = Release|Any CPU
		{1C4F74F0-1E6F-439E-B522-9F13A246358E}.Debug|Any CPU.ActiveCfg = Debug|Any CPU
		{1C4F74F0-1E6F-439E-B522-9F13A246358E}.Debug|Any CPU.Build.0 = Debug|Any CPU
		{1C4F74F0-1E6F-439E-B522-9F13A246358E}.Release|Any CPU.ActiveCfg = Release|Any CPU
		{1C4F74F0-1E6F-439E-B522-9F13A246358E}.Release|Any CPU.Build.0 = Release|Any CPU
	EndGlobalSection
	GlobalSection(SolutionProperties) = preSolution
		HideSolutionNode = FALSE
	EndGlobalSection
EndGlobal
